// !$*UTF8*$!
{
	archiveVersion = 1;
	classes = {
	};
	objectVersion = 55;
	objects = {

/* Begin PBXBuildFile section */
		7B8AD6C628F9CD8C003EE035 /* AlertToastDemoApp.swift in Sources */ = {isa = PBXBuildFile; fileRef = 7B8AD6C528F9CD8C003EE035 /* AlertToastDemoApp.swift */; };
		7B8AD6C828F9CD8C003EE035 /* ContentView.swift in Sources */ = {isa = PBXBuildFile; fileRef = 7B8AD6C728F9CD8C003EE035 /* ContentView.swift */; };
		7B8AD6CA28F9CD91003EE035 /* Assets.xcassets in Resources */ = {isa = PBXBuildFile; fileRef = 7B8AD6C928F9CD91003EE035 /* Assets.xcassets */; };
		7B8AD6CD28F9CD91003EE035 /* Preview Assets.xcassets in Resources */ = {isa = PBXBuildFile; fileRef = 7B8AD6CC28F9CD91003EE035 /* Preview Assets.xcassets */; };
		7B8AD6D728F9CD91003EE035 /* AlertToastDemoTests.swift in Sources */ = {isa = PBXBuildFile; fileRef = 7B8AD6D628F9CD91003EE035 /* AlertToastDemoTests.swift */; };
		7B8AD6E128F9CD91003EE035 /* AlertToastDemoUITests.swift in Sources */ = {isa = PBXBuildFile; fileRef = 7B8AD6E028F9CD91003EE035 /* AlertToastDemoUITests.swift */; };
		7B8AD6E328F9CD91003EE035 /* AlertToastDemoUITestsLaunchTests.swift in Sources */ = {isa = PBXBuildFile; fileRef = 7B8AD6E228F9CD91003EE035 /* AlertToastDemoUITestsLaunchTests.swift */; };
		7B8AD6F128F9CFC0003EE035 /* AlertToast in Frameworks */ = {isa = PBXBuildFile; productRef = 7B8AD6F028F9CFC0003EE035 /* AlertToast */; };
/* End PBXBuildFile section */

/* Begin PBXContainerItemProxy section */
		7B8AD6D328F9CD91003EE035 /* PBXContainerItemProxy */ = {
			isa = PBXContainerItemProxy;
			containerPortal = 7B8AD6BA28F9CD8C003EE035 /* Project object */;
			proxyType = 1;
			remoteGlobalIDString = 7B8AD6C128F9CD8C003EE035;
			remoteInfo = AlertToastDemo;
		};
		7B8AD6DD28F9CD91003EE035 /* PBXContainerItemProxy */ = {
			isa = PBXContainerItemProxy;
			containerPortal = 7B8AD6BA28F9CD8C003EE035 /* Project object */;
			proxyType = 1;
			remoteGlobalIDString = 7B8AD6C128F9CD8C003EE035;
			remoteInfo = AlertToastDemo;
		};
/* End PBXContainerItemProxy section */

/* Begin PBXFileReference section */
		7B8AD6C228F9CD8C003EE035 /* AlertToastDemo.app */ = {isa = PBXFileReference; explicitFileType = wrapper.application; includeInIndex = 0; path = AlertToastDemo.app; sourceTree = BUILT_PRODUCTS_DIR; };
		7B8AD6C528F9CD8C003EE035 /* AlertToastDemoApp.swift */ = {isa = PBXFileReference; lastKnownFileType = sourcecode.swift; path = AlertToastDemoApp.swift; sourceTree = "<group>"; };
		7B8AD6C728F9CD8C003EE035 /* ContentView.swift */ = {isa = PBXFileReference; lastKnownFileType = sourcecode.swift; path = ContentView.swift; sourceTree = "<group>"; };
		7B8AD6C928F9CD91003EE035 /* Assets.xcassets */ = {isa = PBXFileReference; lastKnownFileType = folder.assetcatalog; path = Assets.xcassets; sourceTree = "<group>"; };
		7B8AD6CC28F9CD91003EE035 /* Preview Assets.xcassets */ = {isa = PBXFileReference; lastKnownFileType = folder.assetcatalog; path = "Preview Assets.xcassets"; sourceTree = "<group>"; };
		7B8AD6D228F9CD91003EE035 /* AlertToastDemoTests.xctest */ = {isa = PBXFileReference; explicitFileType = wrapper.cfbundle; includeInIndex = 0; path = AlertToastDemoTests.xctest; sourceTree = BUILT_PRODUCTS_DIR; };
		7B8AD6D628F9CD91003EE035 /* AlertToastDemoTests.swift */ = {isa = PBXFileReference; lastKnownFileType = sourcecode.swift; path = AlertToastDemoTests.swift; sourceTree = "<group>"; };
		7B8AD6DC28F9CD91003EE035 /* AlertToastDemoUITests.xctest */ = {isa = PBXFileReference; explicitFileType = wrapper.cfbundle; includeInIndex = 0; path = AlertToastDemoUITests.xctest; sourceTree = BUILT_PRODUCTS_DIR; };
		7B8AD6E028F9CD91003EE035 /* AlertToastDemoUITests.swift */ = {isa = PBXFileReference; lastKnownFileType = sourcecode.swift; path = AlertToastDemoUITests.swift; sourceTree = "<group>"; };
		7B8AD6E228F9CD91003EE035 /* AlertToastDemoUITestsLaunchTests.swift */ = {isa = PBXFileReference; lastKnownFileType = sourcecode.swift; path = AlertToastDemoUITestsLaunchTests.swift; sourceTree = "<group>"; };
/* End PBXFileReference section */

/* Begin PBXFrameworksBuildPhase section */
		7B8AD6BF28F9CD8C003EE035 /* Frameworks */ = {
			isa = PBXFrameworksBuildPhase;
			buildActionMask = 2147483647;
			files = (
				7B8AD6F128F9CFC0003EE035 /* AlertToast in Frameworks */,
			);
			runOnlyForDeploymentPostprocessing = 0;
		};
		7B8AD6CF28F9CD91003EE035 /* Frameworks */ = {
			isa = PBXFrameworksBuildPhase;
			buildActionMask = 2147483647;
			files = (
			);
			runOnlyForDeploymentPostprocessing = 0;
		};
		7B8AD6D928F9CD91003EE035 /* Frameworks */ = {
			isa = PBXFrameworksBuildPhase;
			buildActionMask = 2147483647;
			files = (
			);
			runOnlyForDeploymentPostprocessing = 0;
		};
/* End PBXFrameworksBuildPhase section */

/* Begin PBXGroup section */
		7B8AD6B928F9CD8C003EE035 = {
			isa = PBXGroup;
			children = (
				7B8AD6C428F9CD8C003EE035 /* AlertToastDemo */,
				7B8AD6D528F9CD91003EE035 /* AlertToastDemoTests */,
				7B8AD6DF28F9CD91003EE035 /* AlertToastDemoUITests */,
				7B8AD6C328F9CD8C003EE035 /* Products */,
			);
			sourceTree = "<group>";
		};
		7B8AD6C328F9CD8C003EE035 /* Products */ = {
			isa = PBXGroup;
			children = (
				7B8AD6C228F9CD8C003EE035 /* AlertToastDemo.app */,
				7B8AD6D228F9CD91003EE035 /* AlertToastDemoTests.xctest */,
				7B8AD6DC28F9CD91003EE035 /* AlertToastDemoUITests.xctest */,
			);
			name = Products;
			sourceTree = "<group>";
		};
		7B8AD6C428F9CD8C003EE035 /* AlertToastDemo */ = {
			isa = PBXGroup;
			children = (
				7B8AD6C528F9CD8C003EE035 /* AlertToastDemoApp.swift */,
				7B8AD6C728F9CD8C003EE035 /* ContentView.swift */,
				7B8AD6C928F9CD91003EE035 /* Assets.xcassets */,
				7B8AD6CB28F9CD91003EE035 /* Preview Content */,
			);
			path = AlertToastDemo;
			sourceTree = "<group>";
		};
		7B8AD6CB28F9CD91003EE035 /* Preview Content */ = {
			isa = PBXGroup;
			children = (
				7B8AD6CC28F9CD91003EE035 /* Preview Assets.xcassets */,
			);
			path = "Preview Content";
			sourceTree = "<group>";
		};
		7B8AD6D528F9CD91003EE035 /* AlertToastDemoTests */ = {
			isa = PBXGroup;
			children = (
				7B8AD6D628F9CD91003EE035 /* AlertToastDemoTests.swift */,
			);
			path = AlertToastDemoTests;
			sourceTree = "<group>";
		};
		7B8AD6DF28F9CD91003EE035 /* AlertToastDemoUITests */ = {
			isa = PBXGroup;
			children = (
				7B8AD6E028F9CD91003EE035 /* AlertToastDemoUITests.swift */,
				7B8AD6E228F9CD91003EE035 /* AlertToastDemoUITestsLaunchTests.swift */,
			);
			path = AlertToastDemoUITests;
			sourceTree = "<group>";
		};
/* End PBXGroup section */

/* Begin PBXNativeTarget section */
		7B8AD6C128F9CD8C003EE035 /* AlertToastDemo */ = {
			isa = PBXNativeTarget;
			buildConfigurationList = 7B8AD6E628F9CD91003EE035 /* Build configuration list for PBXNativeTarget "AlertToastDemo" */;
			buildPhases = (
				7B8AD6BE28F9CD8C003EE035 /* Sources */,
				7B8AD6BF28F9CD8C003EE035 /* Frameworks */,
				7B8AD6C028F9CD8C003EE035 /* Resources */,
			);
			buildRules = (
			);
			dependencies = (
			);
			name = AlertToastDemo;
			packageProductDependencies = (
				7B8AD6F028F9CFC0003EE035 /* AlertToast */,
			);
			productName = AlertToastDemo;
			productReference = 7B8AD6C228F9CD8C003EE035 /* AlertToastDemo.app */;
			productType = "com.apple.product-type.application";
		};
		7B8AD6D128F9CD91003EE035 /* AlertToastDemoTests */ = {
			isa = PBXNativeTarget;
			buildConfigurationList = 7B8AD6E928F9CD91003EE035 /* Build configuration list for PBXNativeTarget "AlertToastDemoTests" */;
			buildPhases = (
				7B8AD6CE28F9CD91003EE035 /* Sources */,
				7B8AD6CF28F9CD91003EE035 /* Frameworks */,
				7B8AD6D028F9CD91003EE035 /* Resources */,
			);
			buildRules = (
			);
			dependencies = (
				7B8AD6D428F9CD91003EE035 /* PBXTargetDependency */,
			);
			name = AlertToastDemoTests;
			productName = AlertToastDemoTests;
			productReference = 7B8AD6D228F9CD91003EE035 /* AlertToastDemoTests.xctest */;
			productType = "com.apple.product-type.bundle.unit-test";
		};
		7B8AD6DB28F9CD91003EE035 /* AlertToastDemoUITests */ = {
			isa = PBXNativeTarget;
			buildConfigurationList = 7B8AD6EC28F9CD91003EE035 /* Build configuration list for PBXNativeTarget "AlertToastDemoUITests" */;
			buildPhases = (
				7B8AD6D828F9CD91003EE035 /* Sources */,
				7B8AD6D928F9CD91003EE035 /* Frameworks */,
				7B8AD6DA28F9CD91003EE035 /* Resources */,
			);
			buildRules = (
			);
			dependencies = (
				7B8AD6DE28F9CD91003EE035 /* PBXTargetDependency */,
			);
			name = AlertToastDemoUITests;
			productName = AlertToastDemoUITests;
			productReference = 7B8AD6DC28F9CD91003EE035 /* AlertToastDemoUITests.xctest */;
			productType = "com.apple.product-type.bundle.ui-testing";
		};
/* End PBXNativeTarget section */

/* Begin PBXProject section */
		7B8AD6BA28F9CD8C003EE035 /* Project object */ = {
			isa = PBXProject;
			attributes = {
				BuildIndependentTargetsInParallel = 1;
				LastSwiftUpdateCheck = 1340;
				LastUpgradeCheck = 1340;
				TargetAttributes = {
					7B8AD6C128F9CD8C003EE035 = {
						CreatedOnToolsVersion = 13.4.1;
					};
					7B8AD6D128F9CD91003EE035 = {
						CreatedOnToolsVersion = 13.4.1;
						TestTargetID = 7B8AD6C128F9CD8C003EE035;
					};
					7B8AD6DB28F9CD91003EE035 = {
						CreatedOnToolsVersion = 13.4.1;
						TestTargetID = 7B8AD6C128F9CD8C003EE035;
					};
				};
			};
			buildConfigurationList = 7B8AD6BD28F9CD8C003EE035 /* Build configuration list for PBXProject "AlertToastDemo" */;
			compatibilityVersion = "Xcode 13.0";
			developmentRegion = en;
			hasScannedForEncodings = 0;
			knownRegions = (
				en,
				Base,
			);
			mainGroup = 7B8AD6B928F9CD8C003EE035;
			packageReferences = (
				7B8AD6EF28F9CFC0003EE035 /* XCRemoteSwiftPackageReference "AlertToast" */,
			);
			productRefGroup = 7B8AD6C328F9CD8C003EE035 /* Products */;
			projectDirPath = "";
			projectRoot = "";
			targets = (
				7B8AD6C128F9CD8C003EE035 /* AlertToastDemo */,
				7B8AD6D128F9CD91003EE035 /* AlertToastDemoTests */,
				7B8AD6DB28F9CD91003EE035 /* AlertToastDemoUITests */,
			);
		};
/* End PBXProject section */

/* Begin PBXResourcesBuildPhase section */
		7B8AD6C028F9CD8C003EE035 /* Resources */ = {
			isa = PBXResourcesBuildPhase;
			buildActionMask = 2147483647;
			files = (
				7B8AD6CD28F9CD91003EE035 /* Preview Assets.xcassets in Resources */,
				7B8AD6CA28F9CD91003EE035 /* Assets.xcassets in Resources */,
			);
			runOnlyForDeploymentPostprocessing = 0;
		};
		7B8AD6D028F9CD91003EE035 /* Resources */ = {
			isa = PBXResourcesBuildPhase;
			buildActionMask = 2147483647;
			files = (
			);
			runOnlyForDeploymentPostprocessing = 0;
		};
		7B8AD6DA28F9CD91003EE035 /* Resources */ = {
			isa = PBXResourcesBuildPhase;
			buildActionMask = 2147483647;
			files = (
			);
			runOnlyForDeploymentPostprocessing = 0;
		};
/* End PBXResourcesBuildPhase section */

/* Begin PBXSourcesBuildPhase section */
		7B8AD6BE28F9CD8C003EE035 /* Sources */ = {
			isa = PBXSourcesBuildPhase;
			buildActionMask = 2147483647;
			files = (
				7B8AD6C828F9CD8C003EE035 /* ContentView.swift in Sources */,
				7B8AD6C628F9CD8C003EE035 /* AlertToastDemoApp.swift in Sources */,
			);
			runOnlyForDeploymentPostprocessing = 0;
		};
		7B8AD6CE28F9CD91003EE035 /* Sources */ = {
			isa = PBXSourcesBuildPhase;
			buildActionMask = 2147483647;
			files = (
				7B8AD6D728F9CD91003EE035 /* AlertToastDemoTests.swift in Sources */,
			);
			runOnlyForDeploymentPostprocessing = 0;
		};
		7B8AD6D828F9CD91003EE035 /* Sources */ = {
			isa = PBXSourcesBuildPhase;
			buildActionMask = 2147483647;
			files = (
				7B8AD6E328F9CD91003EE035 /* AlertToastDemoUITestsLaunchTests.swift in Sources */,
				7B8AD6E128F9CD91003EE035 /* AlertToastDemoUITests.swift in Sources */,
			);
			runOnlyForDeploymentPostprocessing = 0;
		};
/* End PBXSourcesBuildPhase section */

/* Begin PBXTargetDependency section */
		7B8AD6D428F9CD91003EE035 /* PBXTargetDependency */ = {
			isa = PBXTargetDependency;
			target = 7B8AD6C128F9CD8C003EE035 /* AlertToastDemo */;
			targetProxy = 7B8AD6D328F9CD91003EE035 /* PBXContainerItemProxy */;
		};
		7B8AD6DE28F9CD91003EE035 /* PBXTargetDependency */ = {
			isa = PBXTargetDependency;
			target = 7B8AD6C128F9CD8C003EE035 /* AlertToastDemo */;
			targetProxy = 7B8AD6DD28F9CD91003EE035 /* PBXContainerItemProxy */;
		};
/* End PBXTargetDependency section */

/* Begin XCBuildConfiguration section */
		7B8AD6E428F9CD91003EE035 /* Debug */ = {
			isa = XCBuildConfiguration;
			buildSettings = {
				ALWAYS_SEARCH_USER_PATHS = NO;
				CLANG_ANALYZER_NONNULL = YES;
				CLANG_ANALYZER_NUMBER_OBJECT_CONVERSION = YES_AGGRESSIVE;
				CLANG_CXX_LANGUAGE_STANDARD = "gnu++17";
				CLANG_ENABLE_MODULES = YES;
				CLANG_ENABLE_OBJC_ARC = YES;
				CLANG_ENABLE_OBJC_WEAK = YES;
				CLANG_WARN_BLOCK_CAPTURE_AUTORELEASING = YES;
				CLANG_WARN_BOOL_CONVERSION = YES;
				CLANG_WARN_COMMA = YES;
				CLANG_WARN_CONSTANT_CONVERSION = YES;
				CLANG_WARN_DEPRECATED_OBJC_IMPLEMENTATIONS = YES;
				CLANG_WARN_DIRECT_OBJC_ISA_USAGE = YES_ERROR;
				CLANG_WARN_DOCUMENTATION_COMMENTS = YES;
				CLANG_WARN_EMPTY_BODY = YES;
				CLANG_WARN_ENUM_CONVERSION = YES;
				CLANG_WARN_INFINITE_RECURSION = YES;
				CLANG_WARN_INT_CONVERSION = YES;
				CLANG_WARN_NON_LITERAL_NULL_CONVERSION = YES;
				CLANG_WARN_OBJC_IMPLICIT_RETAIN_SELF = YES;
				CLANG_WARN_OBJC_LITERAL_CONVERSION = YES;
				CLANG_WARN_OBJC_ROOT_CLASS = YES_ERROR;
				CLANG_WARN_QUOTED_INCLUDE_IN_FRAMEWORK_HEADER = YES;
				CLANG_WARN_RANGE_LOOP_ANALYSIS = YES;
				CLANG_WARN_STRICT_PROTOTYPES = YES;
				CLANG_WARN_SUSPICIOUS_MOVE = YES;
				CLANG_WARN_UNGUARDED_AVAILABILITY = YES_AGGRESSIVE;
				CLANG_WARN_UNREACHABLE_CODE = YES;
				CLANG_WARN__DUPLICATE_METHOD_MATCH = YES;
				COPY_PHASE_STRIP = NO;
				DEBUG_INFORMATION_FORMAT = dwarf;
				ENABLE_STRICT_OBJC_MSGSEND = YES;
				ENABLE_TESTABILITY = YES;
				GCC_C_LANGUAGE_STANDARD = gnu11;
				GCC_DYNAMIC_NO_PIC = NO;
				GCC_NO_COMMON_BLOCKS = YES;
				GCC_OPTIMIZATION_LEVEL = 0;
				GCC_PREPROCESSOR_DEFINITIONS = (
					"DEBUG=1",
					"$(inherited)",
				);
				GCC_WARN_64_TO_32_BIT_CONVERSION = YES;
				GCC_WARN_ABOUT_RETURN_TYPE = YES_ERROR;
				GCC_WARN_UNDECLARED_SELECTOR = YES;
				GCC_WARN_UNINITIALIZED_AUTOS = YES_AGGRESSIVE;
				GCC_WARN_UNUSED_FUNCTION = YES;
				GCC_WARN_UNUSED_VARIABLE = YES;
				IPHONEOS_DEPLOYMENT_TARGET = 15.5;
				MTL_ENABLE_DEBUG_INFO = INCLUDE_SOURCE;
				MTL_FAST_MATH = YES;
				ONLY_ACTIVE_ARCH = YES;
				SDKROOT = iphoneos;
				SWIFT_ACTIVE_COMPILATION_CONDITIONS = DEBUG;
				SWIFT_OPTIMIZATION_LEVEL = "-Onone";
			};
			name = Debug;
		};
		7B8AD6E528F9CD91003EE035 /* Release */ = {
			isa = XCBuildConfiguration;
			buildSettings = {
				ALWAYS_SEARCH_USER_PATHS = NO;
				CLANG_ANALYZER_NONNULL = YES;
				CLANG_ANALYZER_NUMBER_OBJECT_CONVERSION = YES_AGGRESSIVE;
				CLANG_CXX_LANGUAGE_STANDARD = "gnu++17";
				CLANG_ENABLE_MODULES = YES;
				CLANG_ENABLE_OBJC_ARC = YES;
				CLANG_ENABLE_OBJC_WEAK = YES;
				CLANG_WARN_BLOCK_CAPTURE_AUTORELEASING = YES;
				CLANG_WARN_BOOL_CONVERSION = YES;
				CLANG_WARN_COMMA = YES;
				CLANG_WARN_CONSTANT_CONVERSION = YES;
				CLANG_WARN_DEPRECATED_OBJC_IMPLEMENTATIONS = YES;
				CLANG_WARN_DIRECT_OBJC_ISA_USAGE = YES_ERROR;
				CLANG_WARN_DOCUMENTATION_COMMENTS = YES;
				CLANG_WARN_EMPTY_BODY = YES;
				CLANG_WARN_ENUM_CONVERSION = YES;
				CLANG_WARN_INFINITE_RECURSION = YES;
				CLANG_WARN_INT_CONVERSION = YES;
				CLANG_WARN_NON_LITERAL_NULL_CONVERSION = YES;
				CLANG_WARN_OBJC_IMPLICIT_RETAIN_SELF = YES;
				CLANG_WARN_OBJC_LITERAL_CONVERSION = YES;
				CLANG_WARN_OBJC_ROOT_CLASS = YES_ERROR;
				CLANG_WARN_QUOTED_INCLUDE_IN_FRAMEWORK_HEADER = YES;
				CLANG_WARN_RANGE_LOOP_ANALYSIS = YES;
				CLANG_WARN_STRICT_PROTOTYPES = YES;
				CLANG_WARN_SUSPICIOUS_MOVE = YES;
				CLANG_WARN_UNGUARDED_AVAILABILITY = YES_AGGRESSIVE;
				CLANG_WARN_UNREACHABLE_CODE = YES;
				CLANG_WARN__DUPLICATE_METHOD_MATCH = YES;
				COPY_PHASE_STRIP = NO;
				DEBUG_INFORMATION_FORMAT = "dwarf-with-dsym";
				ENABLE_NS_ASSERTIONS = NO;
				ENABLE_STRICT_OBJC_MSGSEND = YES;
				GCC_C_LANGUAGE_STANDARD = gnu11;
				GCC_NO_COMMON_BLOCKS = YES;
				GCC_WARN_64_TO_32_BIT_CONVERSION = YES;
				GCC_WARN_ABOUT_RETURN_TYPE = YES_ERROR;
				GCC_WARN_UNDECLARED_SELECTOR = YES;
				GCC_WARN_UNINITIALIZED_AUTOS = YES_AGGRESSIVE;
				GCC_WARN_UNUSED_FUNCTION = YES;
				GCC_WARN_UNUSED_VARIABLE = YES;
				IPHONEOS_DEPLOYMENT_TARGET = 15.5;
				MTL_ENABLE_DEBUG_INFO = NO;
				MTL_FAST_MATH = YES;
				SDKROOT = iphoneos;
				SWIFT_COMPILATION_MODE = wholemodule;
				SWIFT_OPTIMIZATION_LEVEL = "-O";
				VALIDATE_PRODUCT = YES;
			};
			name = Release;
		};
		7B8AD6E728F9CD91003EE035 /* Debug */ = {
			isa = XCBuildConfiguration;
			buildSettings = {
				ASSETCATALOG_COMPILER_APPICON_NAME = AppIcon;
				ASSETCATALOG_COMPILER_GLOBAL_ACCENT_COLOR_NAME = AccentColor;
				CODE_SIGN_STYLE = Automatic;
				CURRENT_PROJECT_VERSION = 1;
				DEVELOPMENT_ASSET_PATHS = "\"AlertToastDemo/Preview Content\"";
				DEVELOPMENT_TEAM = ZPC9XXP6RT;
				ENABLE_PREVIEWS = YES;
				GENERATE_INFOPLIST_FILE = YES;
				INFOPLIST_KEY_UIApplicationSceneManifest_Generation = YES;
				INFOPLIST_KEY_UIApplicationSupportsIndirectInputEvents = YES;
				INFOPLIST_KEY_UILaunchScreen_Generation = YES;
				INFOPLIST_KEY_UISupportedInterfaceOrientations_iPad = "UIInterfaceOrientationPortrait UIInterfaceOrientationPortraitUpsideDown UIInterfaceOrientationLandscapeLeft UIInterfaceOrientationLandscapeRight";
				INFOPLIST_KEY_UISupportedInterfaceOrientations_iPhone = "UIInterfaceOrientationPortrait UIInterfaceOrientationLandscapeLeft UIInterfaceOrientationLandscapeRight";
				LD_RUNPATH_SEARCH_PATHS = (
					"$(inherited)",
					"@executable_path/Frameworks",
				);
				MARKETING_VERSION = 1.0;
				PRODUCT_BUNDLE_IDENTIFIER = PeaceIoTLab.swiftui.codingtest.AlertToastDemo;
				PRODUCT_NAME = "$(TARGET_NAME)";
				SWIFT_EMIT_LOC_STRINGS = YES;
				SWIFT_VERSION = 5.0;
				TARGETED_DEVICE_FAMILY = "1,2";
			};
			name = Debug;
		};
		7B8AD6E828F9CD91003EE035 /* Release */ = {
			isa = XCBuildConfiguration;
			buildSettings = {
				ASSETCATALOG_COMPILER_APPICON_NAME = AppIcon;
				ASSETCATALOG_COMPILER_GLOBAL_ACCENT_COLOR_NAME = AccentColor;
				CODE_SIGN_STYLE = Automatic;
				CURRENT_PROJECT_VERSION = 1;
				DEVELOPMENT_ASSET_PATHS = "\"AlertToastDemo/Preview Content\"";
				DEVELOPMENT_TEAM = ZPC9XXP6RT;
				ENABLE_PREVIEWS = YES;
				GENERATE_INFOPLIST_FILE = YES;
				INFOPLIST_KEY_UIApplicationSceneManifest_Generation = YES;
				INFOPLIST_KEY_UIApplicationSupportsIndirectInputEvents = YES;
				INFOPLIST_KEY_UILaunchScreen_Generation = YES;
				INFOPLIST_KEY_UISupportedInterfaceOrientations_iPad = "UIInterfaceOrientationPortrait UIInterfaceOrientationPortraitUpsideDown UIInterfaceOrientationLandscapeLeft UIInterfaceOrientationLandscapeRight";
				INFOPLIST_KEY_UISupportedInterfaceOrientations_iPhone = "UIInterfaceOrientationPortrait UIInterfaceOrientationLandscapeLeft UIInterfaceOrientationLandscapeRight";
				LD_RUNPATH_SEARCH_PATHS = (
					"$(inherited)",
					"@executable_path/Frameworks",
				);
				MARKETING_VERSION = 1.0;
				PRODUCT_BUNDLE_IDENTIFIER = PeaceIoTLab.swiftui.codingtest.AlertToastDemo;
				PRODUCT_NAME = "$(TARGET_NAME)";
				SWIFT_EMIT_LOC_STRINGS = YES;
				SWIFT_VERSION = 5.0;
				TARGETED_DEVICE_FAMILY = "1,2";
			};
			name = Release;
		};
		7B8AD6EA28F9CD91003EE035 /* Debug */ = {
			isa = XCBuildConfiguration;
			buildSettings = {
				ALWAYS_EMBED_SWIFT_STANDARD_LIBRARIES = YES;
				BUNDLE_LOADER = "$(TEST_HOST)";
				CODE_SIGN_STYLE = Automatic;
				CURRENT_PROJECT_VERSION = 1;
				DEVELOPMENT_TEAM = ZPC9XXP6RT;
				GENERATE_INFOPLIST_FILE = YES;
				IPHONEOS_DEPLOYMENT_TARGET = 15.5;
				MARKETING_VERSION = 1.0;
				PRODUCT_BUNDLE_IDENTIFIER = PeaceIoTLab.swiftui.codingtest.AlertToastDemoTests;
				PRODUCT_NAME = "$(TARGET_NAME)";
				SWIFT_EMIT_LOC_STRINGS = NO;
				SWIFT_VERSION = 5.0;
				TARGETED_DEVICE_FAMILY = "1,2";
				TEST_HOST = "$(BUILT_PRODUCTS_DIR)/AlertToastDemo.app/AlertToastDemo";
			};
			name = Debug;
		};
		7B8AD6EB28F9CD91003EE035 /* Release */ = {
			isa = XCBuildConfiguration;
			buildSettings = {
				ALWAYS_EMBED_SWIFT_STANDARD_LIBRARIES = YES;
				BUNDLE_LOADER = "$(TEST_HOST)";
				CODE_SIGN_STYLE = Automatic;
				CURRENT_PROJECT_VERSION = 1;
				DEVELOPMENT_TEAM = ZPC9XXP6RT;
				GENERATE_INFOPLIST_FILE = YES;
				IPHONEOS_DEPLOYMENT_TARGET = 15.5;
				MARKETING_VERSION = 1.0;
				PRODUCT_BUNDLE_IDENTIFIER = PeaceIoTLab.swiftui.codingtest.AlertToastDemoTests;
				PRODUCT_NAME = "$(TARGET_NAME)";
				SWIFT_EMIT_LOC_STRINGS = NO;
				SWIFT_VERSION = 5.0;
				TARGETED_DEVICE_FAMILY = "1,2";
				TEST_HOST = "$(BUILT_PRODUCTS_DIR)/AlertToastDemo.app/AlertToastDemo";
			};
			name = Release;
		};
		7B8AD6ED28F9CD91003EE035 /* Debug */ = {
			isa = XCBuildConfiguration;
			buildSettings = {
				ALWAYS_EMBED_SWIFT_STANDARD_LIBRARIES = YES;
				CODE_SIGN_STYLE = Automatic;
				CURRENT_PROJECT_VERSION = 1;
				DEVELOPMENT_TEAM = ZPC9XXP6RT;
				GENERATE_INFOPLIST_FILE = YES;
				MARKETING_VERSION = 1.0;
				PRODUCT_BUNDLE_IDENTIFIER = PeaceIoTLab.swiftui.codingtest.AlertToastDemoUITests;
				PRODUCT_NAME = "$(TARGET_NAME)";
				SWIFT_EMIT_LOC_STRINGS = NO;
				SWIFT_VERSION = 5.0;
				TARGETED_DEVICE_FAMILY = "1,2";
				TEST_TARGET_NAME = AlertToastDemo;
			};
			name = Debug;
		};
		7B8AD6EE28F9CD91003EE035 /* Release */ = {
			isa = XCBuildConfiguration;
			buildSettings = {
				ALWAYS_EMBED_SWIFT_STANDARD_LIBRARIES = YES;
				CODE_SIGN_STYLE = Automatic;
				CURRENT_PROJECT_VERSION = 1;
				DEVELOPMENT_TEAM = ZPC9XXP6RT;
				GENERATE_INFOPLIST_FILE = YES;
				MARKETING_VERSION = 1.0;
				PRODUCT_BUNDLE_IDENTIFIER = PeaceIoTLab.swiftui.codingtest.AlertToastDemoUITests;
				PRODUCT_NAME = "$(TARGET_NAME)";
				SWIFT_EMIT_LOC_STRINGS = NO;
				SWIFT_VERSION = 5.0;
				TARGETED_DEVICE_FAMILY = "1,2";
				TEST_TARGET_NAME = AlertToastDemo;
			};
			name = Release;
		};
/* End XCBuildConfiguration section */

/* Begin XCConfigurationList section */
		7B8AD6BD28F9CD8C003EE035 /* Build configuration list for PBXProject "AlertToastDemo" */ = {
			isa = XCConfigurationList;
			buildConfigurations = (
				7B8AD6E428F9CD91003EE035 /* Debug */,
				7B8AD6E528F9CD91003EE035 /* Release */,
			);
			defaultConfigurationIsVisible = 0;
			defaultConfigurationName = Release;
		};
		7B8AD6E628F9CD91003EE035 /* Build configuration list for PBXNativeTarget "AlertToastDemo" */ = {
			isa = XCConfigurationList;
			buildConfigurations = (
				7B8AD6E728F9CD91003EE035 /* Debug */,
				7B8AD6E828F9CD91003EE035 /* Release */,
			);
			defaultConfigurationIsVisible = 0;
			defaultConfigurationName = Release;
		};
		7B8AD6E928F9CD91003EE035 /* Build configuration list for PBXNativeTarget "AlertToastDemoTests" */ = {
			isa = XCConfigurationList;
			buildConfigurations = (
				7B8AD6EA28F9CD91003EE035 /* Debug */,
				7B8AD6EB28F9CD91003EE035 /* Release */,
			);
			defaultConfigurationIsVisible = 0;
			defaultConfigurationName = Release;
		};
		7B8AD6EC28F9CD91003EE035 /* Build configuration list for PBXNativeTarget "AlertToastDemoUITests" */ = {
			isa = XCConfigurationList;
			buildConfigurations = (
				7B8AD6ED28F9CD91003EE035 /* Debug */,
				7B8AD6EE28F9CD91003EE035 /* Release */,
			);
			defaultConfigurationIsVisible = 0;
			defaultConfigurationName = Release;
		};
/* End XCConfigurationList section */

/* Begin XCRemoteSwiftPackageReference section */
		7B8AD6EF28F9CFC0003EE035 /* XCRemoteSwiftPackageReference "AlertToast" */ = {
			isa = XCRemoteSwiftPackageReference;
			repositoryURL = "https://github.com/elai950/AlertToast.git";
			requirement = {
				kind = upToNextMajorVersion;
				minimumVersion = 1.0.0;
			};
		};
/* End XCRemoteSwiftPackageReference section */

/* Begin XCSwiftPackageProductDependency section */
		7B8AD6F028F9CFC0003EE035 /* AlertToast */ = {
			isa = XCSwiftPackageProductDependency;
			package = 7B8AD6EF28F9CFC0003EE035 /* XCRemoteSwiftPackageReference "AlertToast" */;
			productName = AlertToast;
		};
/* End XCSwiftPackageProductDependency section */
	};
	rootObject = 7B8AD6BA28F9CD8C003EE035 /* Project object */;
}
